# This file is generated by craft.
version = 1
manifest = "Craft.toml"
manifest-digest = "fnv1a64:4e17dddc364c1285"

[[package]]
id = "bed 0.1.0 root"
name = "bed"
version = "0.1.0"
source = "root"
manifest = "Craft.toml"
manifest-digest = "fnv1a64:4e17dddc364c1285"

[[package-target]]
package = "bed 0.1.0 root"
kind = "lib"
root = "src/lib.rn"

[[package-target]]
package = "bed 0.1.0 root"
kind = "bin"
name = "bed"
root = "src/main.rn"

[[package-target]]
package = "bed 0.1.0 root"
kind = "test"
name = "smoke"
root = "tests/smoke.rn"
