# This file is generated by craft.
version = 1
manifest = "Craft.toml"
manifest-digest = "fnv1a64:11f39768c3478623"

[[package]]
id = "json 0.1.0 root"
name = "json"
version = "0.1.0"
source = "root"
manifest = "Craft.toml"
manifest-digest = "fnv1a64:11f39768c3478623"

[[package-target]]
package = "json 0.1.0 root"
kind = "lib"
root = "src/lib.rn"

[[package-target]]
package = "json 0.1.0 root"
kind = "test"
name = "smoke"
root = "tests/smoke.rn"

[[package-target]]
package = "json 0.1.0 root"
kind = "example"
name = "hello_compact"
root = "examples/hello_compact.rn"

[[package-target]]
package = "json 0.1.0 root"
kind = "example"
name = "bench_json"
root = "examples/bench_json.rn"
