# This file is generated by craft.
version = 1
manifest = "Craft.toml"
manifest-digest = "fnv1a64:b77ce9b7ba0f2d08"

[[package]]
id = "examples 0.7.6 root"
name = "examples"
version = "0.7.6"
source = "root"
manifest = "Craft.toml"
manifest-digest = "fnv1a64:b77ce9b7ba0f2d08"

[[package-target]]
package = "examples 0.7.6 root"
kind = "example"
name = "hello_world"
root = "hello_world.rn"

[[package-target]]
package = "examples 0.7.6 root"
kind = "example"
name = "basics"
root = "basics.rn"

[[package-target]]
package = "examples 0.7.6 root"
kind = "example"
name = "control_flow"
root = "control_flow.rn"

[[package-target]]
package = "examples 0.7.6 root"
kind = "example"
name = "anonymous_aggregates"
root = "anonymous_aggregates.rn"

[[package-target]]
package = "examples 0.7.6 root"
kind = "example"
name = "slices_and_iterators"
root = "slices_and_iterators.rn"

[[package-target]]
package = "examples 0.7.6 root"
kind = "example"
name = "string"
root = "string.rn"

[[package-target]]
package = "examples 0.7.6 root"
kind = "example"
name = "collections"
root = "collections.rn"

[[package-target]]
package = "examples 0.7.6 root"
kind = "example"
name = "test_closure"
root = "test_closure.rn"

[[package-target]]
package = "examples 0.7.6 root"
kind = "example"
name = "closure_heap_escape"
root = "closure_heap_escape.rn"

[[package-target]]
package = "examples 0.7.6 root"
kind = "example"
name = "sync"
root = "sync.rn"

[[package-target]]
package = "examples 0.7.6 root"
kind = "example"
name = "io_and_files"
root = "io_and_files.rn"

[[package-target]]
package = "examples 0.7.6 root"
kind = "example"
name = "void"
root = "void.rn"
