# This file is generated by craft.
version = 1
manifest = "Craft.toml"
manifest-digest = "fnv1a64:3fb0bcc9e3ff98d2"

[[package]]
id = "limine-smoke 0.1.0 root"
name = "limine-smoke"
version = "0.1.0"
source = "root"
manifest = "Craft.toml"
manifest-digest = "fnv1a64:3fb0bcc9e3ff98d2"

[[package-target]]
package = "limine-smoke 0.1.0 root"
kind = "bin"
name = "kernel"
root = "src/main.kn"

[[package-resource]]
package = "limine-smoke 0.1.0 root"
name = "limine"
source = "git"
source-value = "https://github.com/limine-bootloader/limine.git"
source-locator = "https://github.com/limine-bootloader/limine.git"
source-selector = "tag:v11.4.0-binary"

[[external-package]]
id = "limine-mkiso path:../limine-mkiso"
name = "limine-mkiso"
source = "path"
source-value = "../limine-mkiso"

[[dependency]]
from = "limine-smoke 0.1.0 root"
kind = "build"
name = "mkiso"
package = "limine-mkiso"
target = "external"
target-id = "limine-mkiso path:../limine-mkiso"
