# This file is generated by craft.
version = 1
manifest = "Craft.toml"
manifest-digest = "fnv1a64:4e4dd6840be300fb"

[[package]]
id = "limine-mkiso 0.1.0 root"
name = "limine-mkiso"
version = "0.1.0"
source = "root"
manifest = "Craft.toml"
manifest-digest = "fnv1a64:4e4dd6840be300fb"

[[package-target]]
package = "limine-mkiso 0.1.0 root"
kind = "bin"
name = "limine-mkiso"
root = "src/main.rn"
